{
  "name": "credifuturo",
  "version": "1.0.0",
  "lockfileVersion": 3,
  "requires": true,
  "packages": {
    "": {
      "name": "credifuturo",
      "version": "1.0.0",
      "devDependencies": {
        "@jossuealcala/ahp-plus": "^1.1.0"
      },
      "engines": {
        "node": ">=18.0.0"
      }
    },
    "node_modules/@jossuealcala/ahp-plus": {
      "version": "1.1.0",
      "resolved": "https://registry.npmjs.org/@jossuealcala/ahp-plus/-/ahp-plus-1.1.0.tgz",
      "integrity": "sha512-G6jcbhGBf8IEjn65fAlm3gbac2/61swKBtqEBK4q2eVk9AEL5y4ZdpDsTBIuZH3SqZwnssw/OE+CYuYCCLo8Cw==",
      "dev": true,
      "license": "Apache-2.0",
      "bin": {
        "ahp": "bin/ahp.mjs"
      },
      "engines": {
        "node": ">=20"
      }
    }
  }
}
