{
  "name": "credifuturo",
  "version": "1.0.0",
  "lockfileVersion": 3,
  "requires": true,
  "packages": {
    "": {
      "name": "credifuturo",
      "version": "1.0.0",
      "devDependencies": {
        "@jossuealcala/ahp-plus": "^1.4.1"
      },
      "engines": {
        "node": ">=18.0.0"
      }
    },
    "node_modules/@jossuealcala/ahp-plus": {
      "version": "1.4.1",
      "resolved": "https://registry.npmjs.org/@jossuealcala/ahp-plus/-/ahp-plus-1.4.1.tgz",
      "integrity": "sha512-sKMHIdLtk4LOwh8rxc6H8ADMU/L6rGwYyc/nj2HUltD95/Lbut8WmnpqG61XG3NI+IzsHGenhK1QnyeoI6d7jA==",
      "dev": true,
      "license": "Apache-2.0",
      "bin": {
        "ahp": "bin/ahp.mjs"
      },
      "engines": {
        "node": ">=20"
      }
    }
  }
}
